# THIS IS AN AUTOGENERATED FILE. DO NOT EDIT THIS FILE DIRECTLY.
# yarn lockfile v1


"@rails/actioncable@^6.0.0":
  version "6.0.1"
  resolved "https://registry.yarnpkg.com/@rails/actioncable/-/actioncable-6.0.1.tgz#43adf86c2ad6e6a076259b7ea02ba747e4f8bb6f"
  integrity sha512-JTOPnusNMuZjmJGoyL+IWrwGxP5UwqiffJYBHkhipIbVRSUN6RYjUspShshmRsRziSD2bQywKePPRR5pl1HXXg==

"@rails/activestorage@^6.0.0":
  version "6.0.1"
  resolved "https://registry.yarnpkg.com/@rails/activestorage/-/activestorage-6.0.1.tgz#d0dc600ab77160245fae74185bd62787a93d77a9"
  integrity sha512-g4erBXADaKr/bjktnGcCnTMX0fsruOUp7FI+TuALWpRdI4UpAwAGbuaiTkthAfUW2tTjY/ABaZLTEdMnPb1Cfw==
  dependencies:
    spark-md5 "^3.0.0"

"@rails/ujs@^6.0.0":
  version "6.0.1"
  resolved "https://registry.yarnpkg.com/@rails/ujs/-/ujs-6.0.1.tgz#5eb013bd7f18a1cc7c314602d3b4d68302e20b60"
  integrity sha512-IwUGMGke2u5W/hkJLOSU5xcQT3Y0gjIdiEsG27kHyLvsPOzdABKeAD8l37j6romhzeCmM56Wv52OGqSueUmyig==

spark-md5@^3.0.0:
  version "3.0.0"
  resolved "https://registry.yarnpkg.com/spark-md5/-/spark-md5-3.0.0.tgz#3722227c54e2faf24b1dc6d933cc144e6f71bfef"
  integrity sha1-NyIifFTi+vJLHcbZM8wUTm9xv+8=

turbolinks@^5.2.0:
  version "5.2.0"
  resolved "https://registry.yarnpkg.com/turbolinks/-/turbolinks-5.2.0.tgz#e6877a55ea5c1cb3bb225f0a4ae303d6d32ff77c"
  integrity sha512-pMiez3tyBo6uRHFNNZoYMmrES/IaGgMhQQM+VFF36keryjb5ms0XkVpmKHkfW/4Vy96qiGW3K9bz0tF5sK9bBw==
